// !$*UTF8*$!
{
	archiveVersion = 1;
	classes = {
	};
	objectVersion = 50;
	objects = {

/* Begin PBXBuildFile section */
		0FEF013227FCCEE300139ACC /* Tests_iOS.swift in Sources */ = {isa = PBXBuildFile; fileRef = 0FEF013127FCCEE300139ACC /* Tests_iOS.swift */; };
		0FEF013D27FCCEE300139ACC /* Tests_macOS.swift in Sources */ = {isa = PBXBuildFile; fileRef = 0FEF013C27FCCEE300139ACC /* Tests_macOS.swift */; };
		0FEF013F27FCCEE300139ACC /* AlignmentsApp.swift in Sources */ = {isa = PBXBuildFile; fileRef = 0FEF011627FCCED500139ACC /* AlignmentsApp.swift */; };
		0FEF014027FCCEE300139ACC /* AlignmentsApp.swift in Sources */ = {isa = PBXBuildFile; fileRef = 0FEF011627FCCED500139ACC /* AlignmentsApp.swift */; };
		0FEF014127FCCEE300139ACC /* ContentView.swift in Sources */ = {isa = PBXBuildFile; fileRef = 0FEF011727FCCED500139ACC /* ContentView.swift */; };
		0FEF014227FCCEE300139ACC /* ContentView.swift in Sources */ = {isa = PBXBuildFile; fileRef = 0FEF011727FCCED500139ACC /* ContentView.swift */; };
		0FEF014327FCCEE300139ACC /* Assets.xcassets in Resources */ = {isa = PBXBuildFile; fileRef = 0FEF011827FCCEE300139ACC /* Assets.xcassets */; };
		0FEF014427FCCEE300139ACC /* Assets.xcassets in Resources */ = {isa = PBXBuildFile; fileRef = 0FEF011827FCCEE300139ACC /* Assets.xcassets */; };
/* End PBXBuildFile section */

/* Begin PBXContainerItemProxy section */
		0FEF012E27FCCEE300139ACC /* PBXContainerItemProxy */ = {
			isa = PBXContainerItemProxy;
			containerPortal = 0FEF011127FCCED500139ACC /* Project object */;
			proxyType = 1;
			remoteGlobalIDString = 0FEF011C27FCCEE300139ACC;
			remoteInfo = "Alignments (iOS)";
		};
		0FEF013927FCCEE300139ACC /* PBXContainerItemProxy */ = {
			isa = PBXContainerItemProxy;
			containerPortal = 0FEF011127FCCED500139ACC /* Project object */;
			proxyType = 1;
			remoteGlobalIDString = 0FEF012427FCCEE300139ACC;
			remoteInfo = "Alignments (macOS)";
		};
/* End PBXContainerItemProxy section */

/* Begin PBXFileReference section */
		0FEF011627FCCED500139ACC /* AlignmentsApp.swift */ = {isa = PBXFileReference; lastKnownFileType = sourcecode.swift; path = AlignmentsApp.swift; sourceTree = "<group>"; };
		0FEF011727FCCED500139ACC /* ContentView.swift */ = {isa = PBXFileReference; lastKnownFileType = sourcecode.swift; path = ContentView.swift; sourceTree = "<group>"; };
		0FEF011827FCCEE300139ACC /* Assets.xcassets */ = {isa = PBXFileReference; lastKnownFileType = folder.assetcatalog; path = Assets.xcassets; sourceTree = "<group>"; };
		0FEF011D27FCCEE300139ACC /* Alignments.app */ = {isa = PBXFileReference; explicitFileType = wrapper.application; includeInIndex = 0; path = Alignments.app; sourceTree = BUILT_PRODUCTS_DIR; };
		0FEF012027FCCEE300139ACC /* Info.plist */ = {isa = PBXFileReference; lastKnownFileType = text.plist.xml; path = Info.plist; sourceTree = "<group>"; };
		0FEF012527FCCEE300139ACC /* Alignments.app */ = {isa = PBXFileReference; explicitFileType = wrapper.application; includeInIndex = 0; path = Alignments.app; sourceTree = BUILT_PRODUCTS_DIR; };
		0FEF012727FCCEE300139ACC /* Info.plist */ = {isa = PBXFileReference; lastKnownFileType = text.plist.xml; path = Info.plist; sourceTree = "<group>"; };
		0FEF012827FCCEE300139ACC /* macOS.entitlements */ = {isa = PBXFileReference; lastKnownFileType = text.plist.entitlements; path = macOS.entitlements; sourceTree = "<group>"; };
		0FEF012D27FCCEE300139ACC /* Tests iOS.xctest */ = {isa = PBXFileReference; explicitFileType = wrapper.cfbundle; includeInIndex = 0; path = "Tests iOS.xctest"; sourceTree = BUILT_PRODUCTS_DIR; };
		0FEF013127FCCEE300139ACC /* Tests_iOS.swift */ = {isa = PBXFileReference; lastKnownFileType = sourcecode.swift; path = Tests_iOS.swift; sourceTree = "<group>"; };
		0FEF013327FCCEE300139ACC /* Info.plist */ = {isa = PBXFileReference; lastKnownFileType = text.plist.xml; path = Info.plist; sourceTree = "<group>"; };
		0FEF013827FCCEE300139ACC /* Tests macOS.xctest */ = {isa = PBXFileReference; explicitFileType = wrapper.cfbundle; includeInIndex = 0; path = "Tests macOS.xctest"; sourceTree = BUILT_PRODUCTS_DIR; };
		0FEF013C27FCCEE300139ACC /* Tests_macOS.swift */ = {isa = PBXFileReference; lastKnownFileType = sourcecode.swift; path = Tests_macOS.swift; sourceTree = "<group>"; };
		0FEF013E27FCCEE300139ACC /* Info.plist */ = {isa = PBXFileReference; lastKnownFileType = text.plist.xml; path = Info.plist; sourceTree = "<group>"; };
/* End PBXFileReference section */

/* Begin PBXFrameworksBuildPhase section */
		0FEF011A27FCCEE300139ACC /* Frameworks */ = {
			isa = PBXFrameworksBuildPhase;
			buildActionMask = 2147483647;
			files = (
			);
			runOnlyForDeploymentPostprocessing = 0;
		};
		0FEF012227FCCEE300139ACC /* Frameworks */ = {
			isa = PBXFrameworksBuildPhase;
			buildActionMask = 2147483647;
			files = (
			);
			runOnlyForDeploymentPostprocessing = 0;
		};
		0FEF012A27FCCEE300139ACC /* Frameworks */ = {
			isa = PBXFrameworksBuildPhase;
			buildActionMask = 2147483647;
			files = (
			);
			runOnlyForDeploymentPostprocessing = 0;
		};
		0FEF013527FCCEE300139ACC /* Frameworks */ = {
			isa = PBXFrameworksBuildPhase;
			buildActionMask = 2147483647;
			files = (
			);
			runOnlyForDeploymentPostprocessing = 0;
		};
/* End PBXFrameworksBuildPhase section */

/* Begin PBXGroup section */
		0FEF011027FCCED500139ACC = {
			isa = PBXGroup;
			children = (
				0FEF011527FCCED500139ACC /* Shared */,
				0FEF011F27FCCEE300139ACC /* iOS */,
				0FEF012627FCCEE300139ACC /* macOS */,
				0FEF013027FCCEE300139ACC /* Tests iOS */,
				0FEF013B27FCCEE300139ACC /* Tests macOS */,
				0FEF011E27FCCEE300139ACC /* Products */,
			);
			sourceTree = "<group>";
		};
		0FEF011527FCCED500139ACC /* Shared */ = {
			isa = PBXGroup;
			children = (
				0FEF011627FCCED500139ACC /* AlignmentsApp.swift */,
				0FEF011727FCCED500139ACC /* ContentView.swift */,
				0FEF011827FCCEE300139ACC /* Assets.xcassets */,
			);
			path = Shared;
			sourceTree = "<group>";
		};
		0FEF011E27FCCEE300139ACC /* Products */ = {
			isa = PBXGroup;
			children = (
				0FEF011D27FCCEE300139ACC /* Alignments.app */,
				0FEF012527FCCEE300139ACC /* Alignments.app */,
				0FEF012D27FCCEE300139ACC /* Tests iOS.xctest */,
				0FEF013827FCCEE300139ACC /* Tests macOS.xctest */,
			);
			name = Products;
			sourceTree = "<group>";
		};
		0FEF011F27FCCEE300139ACC /* iOS */ = {
			isa = PBXGroup;
			children = (
				0FEF012027FCCEE300139ACC /* Info.plist */,
			);
			path = iOS;
			sourceTree = "<group>";
		};
		0FEF012627FCCEE300139ACC /* macOS */ = {
			isa = PBXGroup;
			children = (
				0FEF012727FCCEE300139ACC /* Info.plist */,
				0FEF012827FCCEE300139ACC /* macOS.entitlements */,
			);
			path = macOS;
			sourceTree = "<group>";
		};
		0FEF013027FCCEE300139ACC /* Tests iOS */ = {
			isa = PBXGroup;
			children = (
				0FEF013127FCCEE300139ACC /* Tests_iOS.swift */,
				0FEF013327FCCEE300139ACC /* Info.plist */,
			);
			path = "Tests iOS";
			sourceTree = "<group>";
		};
		0FEF013B27FCCEE300139ACC /* Tests macOS */ = {
			isa = PBXGroup;
			children = (
				0FEF013C27FCCEE300139ACC /* Tests_macOS.swift */,
				0FEF013E27FCCEE300139ACC /* Info.plist */,
			);
			path = "Tests macOS";
			sourceTree = "<group>";
		};
/* End PBXGroup section */

/* Begin PBXNativeTarget section */
		0FEF011C27FCCEE300139ACC /* Alignments (iOS) */ = {
			isa = PBXNativeTarget;
			buildConfigurationList = 0FEF014727FCCEE300139ACC /* Build configuration list for PBXNativeTarget "Alignments (iOS)" */;
			buildPhases = (
				0FEF011927FCCEE300139ACC /* Sources */,
				0FEF011A27FCCEE300139ACC /* Frameworks */,
				0FEF011B27FCCEE300139ACC /* Resources */,
			);
			buildRules = (
			);
			dependencies = (
			);
			name = "Alignments (iOS)";
			productName = "Alignments (iOS)";
			productReference = 0FEF011D27FCCEE300139ACC /* Alignments.app */;
			productType = "com.apple.product-type.application";
		};
		0FEF012427FCCEE300139ACC /* Alignments (macOS) */ = {
			isa = PBXNativeTarget;
			buildConfigurationList = 0FEF014A27FCCEE300139ACC /* Build configuration list for PBXNativeTarget "Alignments (macOS)" */;
			buildPhases = (
				0FEF012127FCCEE300139ACC /* Sources */,
				0FEF012227FCCEE300139ACC /* Frameworks */,
				0FEF012327FCCEE300139ACC /* Resources */,
			);
			buildRules = (
			);
			dependencies = (
			);
			name = "Alignments (macOS)";
			productName = "Alignments (macOS)";
			productReference = 0FEF012527FCCEE300139ACC /* Alignments.app */;
			productType = "com.apple.product-type.application";
		};
		0FEF012C27FCCEE300139ACC /* Tests iOS */ = {
			isa = PBXNativeTarget;
			buildConfigurationList = 0FEF014D27FCCEE300139ACC /* Build configuration list for PBXNativeTarget "Tests iOS" */;
			buildPhases = (
				0FEF012927FCCEE300139ACC /* Sources */,
				0FEF012A27FCCEE300139ACC /* Frameworks */,
				0FEF012B27FCCEE300139ACC /* Resources */,
			);
			buildRules = (
			);
			dependencies = (
				0FEF012F27FCCEE300139ACC /* PBXTargetDependency */,
			);
			name = "Tests iOS";
			productName = "Tests iOS";
			productReference = 0FEF012D27FCCEE300139ACC /* Tests iOS.xctest */;
			productType = "com.apple.product-type.bundle.ui-testing";
		};
		0FEF013727FCCEE300139ACC /* Tests macOS */ = {
			isa = PBXNativeTarget;
			buildConfigurationList = 0FEF015027FCCEE300139ACC /* Build configuration list for PBXNativeTarget "Tests macOS" */;
			buildPhases = (
				0FEF013427FCCEE300139ACC /* Sources */,
				0FEF013527FCCEE300139ACC /* Frameworks */,
				0FEF013627FCCEE300139ACC /* Resources */,
			);
			buildRules = (
			);
			dependencies = (
				0FEF013A27FCCEE300139ACC /* PBXTargetDependency */,
			);
			name = "Tests macOS";
			productName = "Tests macOS";
			productReference = 0FEF013827FCCEE300139ACC /* Tests macOS.xctest */;
			productType = "com.apple.product-type.bundle.ui-testing";
		};
/* End PBXNativeTarget section */

/* Begin PBXProject section */
		0FEF011127FCCED500139ACC /* Project object */ = {
			isa = PBXProject;
			attributes = {
				LastSwiftUpdateCheck = 1240;
				LastUpgradeCheck = 1240;
				TargetAttributes = {
					0FEF011C27FCCEE300139ACC = {
						CreatedOnToolsVersion = 12.4;
					};
					0FEF012427FCCEE300139ACC = {
						CreatedOnToolsVersion = 12.4;
					};
					0FEF012C27FCCEE300139ACC = {
						CreatedOnToolsVersion = 12.4;
						TestTargetID = 0FEF011C27FCCEE300139ACC;
					};
					0FEF013727FCCEE300139ACC = {
						CreatedOnToolsVersion = 12.4;
						TestTargetID = 0FEF012427FCCEE300139ACC;
					};
				};
			};
			buildConfigurationList = 0FEF011427FCCED500139ACC /* Build configuration list for PBXProject "Alignments" */;
			compatibilityVersion = "Xcode 9.3";
			developmentRegion = en;
			hasScannedForEncodings = 0;
			knownRegions = (
				en,
				Base,
			);
			mainGroup = 0FEF011027FCCED500139ACC;
			productRefGroup = 0FEF011E27FCCEE300139ACC /* Products */;
			projectDirPath = "";
			projectRoot = "";
			targets = (
				0FEF011C27FCCEE300139ACC /* Alignments (iOS) */,
				0FEF012427FCCEE300139ACC /* Alignments (macOS) */,
				0FEF012C27FCCEE300139ACC /* Tests iOS */,
				0FEF013727FCCEE300139ACC /* Tests macOS */,
			);
		};
/* End PBXProject section */

/* Begin PBXResourcesBuildPhase section */
		0FEF011B27FCCEE300139ACC /* Resources */ = {
			isa = PBXResourcesBuildPhase;
			buildActionMask = 2147483647;
			files = (
				0FEF014327FCCEE300139ACC /* Assets.xcassets in Resources */,
			);
			runOnlyForDeploymentPostprocessing = 0;
		};
		0FEF012327FCCEE300139ACC /* Resources */ = {
			isa = PBXResourcesBuildPhase;
			buildActionMask = 2147483647;
			files = (
				0FEF014427FCCEE300139ACC /* Assets.xcassets in Resources */,
			);
			runOnlyForDeploymentPostprocessing = 0;
		};
		0FEF012B27FCCEE300139ACC /* Resources */ = {
			isa = PBXResourcesBuildPhase;
			buildActionMask = 2147483647;
			files = (
			);
			runOnlyForDeploymentPostprocessing = 0;
		};
		0FEF013627FCCEE300139ACC /* Resources */ = {
			isa = PBXResourcesBuildPhase;
			buildActionMask = 2147483647;
			files = (
			);
			runOnlyForDeploymentPostprocessing = 0;
		};
/* End PBXResourcesBuildPhase section */

/* Begin PBXSourcesBuildPhase section */
		0FEF011927FCCEE300139ACC /* Sources */ = {
			isa = PBXSourcesBuildPhase;
			buildActionMask = 2147483647;
			files = (
				0FEF014127FCCEE300139ACC /* ContentView.swift in Sources */,
				0FEF013F27FCCEE300139ACC /* AlignmentsApp.swift in Sources */,
			);
			runOnlyForDeploymentPostprocessing = 0;
		};
		0FEF012127FCCEE300139ACC /* Sources */ = {
			isa = PBXSourcesBuildPhase;
			buildActionMask = 2147483647;
			files = (
				0FEF014227FCCEE300139ACC /* ContentView.swift in Sources */,
				0FEF014027FCCEE300139ACC /* AlignmentsApp.swift in Sources */,
			);
			runOnlyForDeploymentPostprocessing = 0;
		};
		0FEF012927FCCEE300139ACC /* Sources */ = {
			isa = PBXSourcesBuildPhase;
			buildActionMask = 2147483647;
			files = (
				0FEF013227FCCEE300139ACC /* Tests_iOS.swift in Sources */,
			);
			runOnlyForDeploymentPostprocessing = 0;
		};
		0FEF013427FCCEE300139ACC /* Sources */ = {
			isa = PBXSourcesBuildPhase;
			buildActionMask = 2147483647;
			files = (
				0FEF013D27FCCEE300139ACC /* Tests_macOS.swift in Sources */,
			);
			runOnlyForDeploymentPostprocessing = 0;
		};
/* End PBXSourcesBuildPhase section */

/* Begin PBXTargetDependency section */
		0FEF012F27FCCEE300139ACC /* PBXTargetDependency */ = {
			isa = PBXTargetDependency;
			target = 0FEF011C27FCCEE300139ACC /* Alignments (iOS) */;
			targetProxy = 0FEF012E27FCCEE300139ACC /* PBXContainerItemProxy */;
		};
		0FEF013A27FCCEE300139ACC /* PBXTargetDependency */ = {
			isa = PBXTargetDependency;
			target = 0FEF012427FCCEE300139ACC /* Alignments (macOS) */;
			targetProxy = 0FEF013927FCCEE300139ACC /* PBXContainerItemProxy */;
		};
/* End PBXTargetDependency section */

/* Begin XCBuildConfiguration section */
		0FEF014527FCCEE300139ACC /* Debug */ = {
			isa = XCBuildConfiguration;
			buildSettings = {
				ALWAYS_SEARCH_USER_PATHS = NO;
				CLANG_ANALYZER_NONNULL = YES;
				CLANG_ANALYZER_NUMBER_OBJECT_CONVERSION = YES_AGGRESSIVE;
				CLANG_CXX_LANGUAGE_STANDARD = "gnu++14";
				CLANG_CXX_LIBRARY = "libc++";
				CLANG_ENABLE_MODULES = YES;
				CLANG_ENABLE_OBJC_ARC = YES;
				CLANG_ENABLE_OBJC_WEAK = YES;
				CLANG_WARN_BLOCK_CAPTURE_AUTORELEASING = YES;
				CLANG_WARN_BOOL_CONVERSION = YES;
				CLANG_WARN_COMMA = YES;
				CLANG_WARN_CONSTANT_CONVERSION = YES;
				CLANG_WARN_DEPRECATED_OBJC_IMPLEMENTATIONS = YES;
				CLANG_WARN_DIRECT_OBJC_ISA_USAGE = YES_ERROR;
				CLANG_WARN_DOCUMENTATION_COMMENTS = YES;
				CLANG_WARN_EMPTY_BODY = YES;
				CLANG_WARN_ENUM_CONVERSION = YES;
				CLANG_WARN_INFINITE_RECURSION = YES;
				CLANG_WARN_INT_CONVERSION = YES;
				CLANG_WARN_NON_LITERAL_NULL_CONVERSION = YES;
				CLANG_WARN_OBJC_IMPLICIT_RETAIN_SELF = YES;
				CLANG_WARN_OBJC_LITERAL_CONVERSION = YES;
				CLANG_WARN_OBJC_ROOT_CLASS = YES_ERROR;
				CLANG_WARN_QUOTED_INCLUDE_IN_FRAMEWORK_HEADER = YES;
				CLANG_WARN_RANGE_LOOP_ANALYSIS = YES;
				CLANG_WARN_STRICT_PROTOTYPES = YES;
				CLANG_WARN_SUSPICIOUS_MOVE = YES;
				CLANG_WARN_UNGUARDED_AVAILABILITY = YES_AGGRESSIVE;
				CLANG_WARN_UNREACHABLE_CODE = YES;
				CLANG_WARN__DUPLICATE_METHOD_MATCH = YES;
				COPY_PHASE_STRIP = NO;
				DEBUG_INFORMATION_FORMAT = dwarf;
				ENABLE_STRICT_OBJC_MSGSEND = YES;
				ENABLE_TESTABILITY = YES;
				GCC_C_LANGUAGE_STANDARD = gnu11;
				GCC_DYNAMIC_NO_PIC = NO;
				GCC_NO_COMMON_BLOCKS = YES;
				GCC_OPTIMIZATION_LEVEL = 0;
				GCC_PREPROCESSOR_DEFINITIONS = (
					"DEBUG=1",
					"$(inherited)",
				);
				GCC_WARN_64_TO_32_BIT_CONVERSION = YES;
				GCC_WARN_ABOUT_RETURN_TYPE = YES_ERROR;
				GCC_WARN_UNDECLARED_SELECTOR = YES;
				GCC_WARN_UNINITIALIZED_AUTOS = YES_AGGRESSIVE;
				GCC_WARN_UNUSED_FUNCTION = YES;
				GCC_WARN_UNUSED_VARIABLE = YES;
				MTL_ENABLE_DEBUG_INFO = INCLUDE_SOURCE;
				MTL_FAST_MATH = YES;
				ONLY_ACTIVE_ARCH = YES;
				SWIFT_ACTIVE_COMPILATION_CONDITIONS = DEBUG;
				SWIFT_OPTIMIZATION_LEVEL = "-Onone";
			};
			name = Debug;
		};
		0FEF014627FCCEE300139ACC /* Release */ = {
			isa = XCBuildConfiguration;
			buildSettings = {
				ALWAYS_SEARCH_USER_PATHS = NO;
				CLANG_ANALYZER_NONNULL = YES;
				CLANG_ANALYZER_NUMBER_OBJECT_CONVERSION = YES_AGGRESSIVE;
				CLANG_CXX_LANGUAGE_STANDARD = "gnu++14";
				CLANG_CXX_LIBRARY = "libc++";
				CLANG_ENABLE_MODULES = YES;
				CLANG_ENABLE_OBJC_ARC = YES;
				CLANG_ENABLE_OBJC_WEAK = YES;
				CLANG_WARN_BLOCK_CAPTURE_AUTORELEASING = YES;
				CLANG_WARN_BOOL_CONVERSION = YES;
				CLANG_WARN_COMMA = YES;
				CLANG_WARN_CONSTANT_CONVERSION = YES;
				CLANG_WARN_DEPRECATED_OBJC_IMPLEMENTATIONS = YES;
				CLANG_WARN_DIRECT_OBJC_ISA_USAGE = YES_ERROR;
				CLANG_WARN_DOCUMENTATION_COMMENTS = YES;
				CLANG_WARN_EMPTY_BODY = YES;
				CLANG_WARN_ENUM_CONVERSION = YES;
				CLANG_WARN_INFINITE_RECURSION = YES;
				CLANG_WARN_INT_CONVERSION = YES;
				CLANG_WARN_NON_LITERAL_NULL_CONVERSION = YES;
				CLANG_WARN_OBJC_IMPLICIT_RETAIN_SELF = YES;
				CLANG_WARN_OBJC_LITERAL_CONVERSION = YES;
				CLANG_WARN_OBJC_ROOT_CLASS = YES_ERROR;
				CLANG_WARN_QUOTED_INCLUDE_IN_FRAMEWORK_HEADER = YES;
				CLANG_WARN_RANGE_LOOP_ANALYSIS = YES;
				CLANG_WARN_STRICT_PROTOTYPES = YES;
				CLANG_WARN_SUSPICIOUS_MOVE = YES;
				CLANG_WARN_UNGUARDED_AVAILABILITY = YES_AGGRESSIVE;
				CLANG_WARN_UNREACHABLE_CODE = YES;
				CLANG_WARN__DUPLICATE_METHOD_MATCH = YES;
				COPY_PHASE_STRIP = NO;
				DEBUG_INFORMATION_FORMAT = "dwarf-with-dsym";
				ENABLE_NS_ASSERTIONS = NO;
				ENABLE_STRICT_OBJC_MSGSEND = YES;
				GCC_C_LANGUAGE_STANDARD = gnu11;
				GCC_NO_COMMON_BLOCKS = YES;
				GCC_WARN_64_TO_32_BIT_CONVERSION = YES;
				GCC_WARN_ABOUT_RETURN_TYPE = YES_ERROR;
				GCC_WARN_UNDECLARED_SELECTOR = YES;
				GCC_WARN_UNINITIALIZED_AUTOS = YES_AGGRESSIVE;
				GCC_WARN_UNUSED_FUNCTION = YES;
				GCC_WARN_UNUSED_VARIABLE = YES;
				MTL_ENABLE_DEBUG_INFO = NO;
				MTL_FAST_MATH = YES;
				SWIFT_COMPILATION_MODE = wholemodule;
				SWIFT_OPTIMIZATION_LEVEL = "-O";
			};
			name = Release;
		};
		0FEF014827FCCEE300139ACC /* Debug */ = {
			isa = XCBuildConfiguration;
			buildSettings = {
				ASSETCATALOG_COMPILER_APPICON_NAME = AppIcon;
				ASSETCATALOG_COMPILER_GLOBAL_ACCENT_COLOR_NAME = AccentColor;
				CODE_SIGN_STYLE = Automatic;
				ENABLE_PREVIEWS = YES;
				INFOPLIST_FILE = iOS/Info.plist;
				IPHONEOS_DEPLOYMENT_TARGET = 14.0;
				LD_RUNPATH_SEARCH_PATHS = (
					"$(inherited)",
					"@executable_path/Frameworks",
				);
				PRODUCT_BUNDLE_IDENTIFIER = megswan.Alignments;
				PRODUCT_NAME = Alignments;
				SDKROOT = iphoneos;
				SWIFT_VERSION = 5.0;
				TARGETED_DEVICE_FAMILY = "1,2";
			};
			name = Debug;
		};
		0FEF014927FCCEE300139ACC /* Release */ = {
			isa = XCBuildConfiguration;
			buildSettings = {
				ASSETCATALOG_COMPILER_APPICON_NAME = AppIcon;
				ASSETCATALOG_COMPILER_GLOBAL_ACCENT_COLOR_NAME = AccentColor;
				CODE_SIGN_STYLE = Automatic;
				ENABLE_PREVIEWS = YES;
				INFOPLIST_FILE = iOS/Info.plist;
				IPHONEOS_DEPLOYMENT_TARGET = 14.0;
				LD_RUNPATH_SEARCH_PATHS = (
					"$(inherited)",
					"@executable_path/Frameworks",
				);
				PRODUCT_BUNDLE_IDENTIFIER = megswan.Alignments;
				PRODUCT_NAME = Alignments;
				SDKROOT = iphoneos;
				SWIFT_VERSION = 5.0;
				TARGETED_DEVICE_FAMILY = "1,2";
				VALIDATE_PRODUCT = YES;
			};
			name = Release;
		};
		0FEF014B27FCCEE300139ACC /* Debug */ = {
			isa = XCBuildConfiguration;
			buildSettings = {
				ASSETCATALOG_COMPILER_APPICON_NAME = AppIcon;
				ASSETCATALOG_COMPILER_GLOBAL_ACCENT_COLOR_NAME = AccentColor;
				CODE_SIGN_ENTITLEMENTS = macOS/macOS.entitlements;
				CODE_SIGN_STYLE = Automatic;
				COMBINE_HIDPI_IMAGES = YES;
				ENABLE_PREVIEWS = YES;
				INFOPLIST_FILE = macOS/Info.plist;
				LD_RUNPATH_SEARCH_PATHS = (
					"$(inherited)",
					"@executable_path/../Frameworks",
				);
				MACOSX_DEPLOYMENT_TARGET = 11.0;
				PRODUCT_BUNDLE_IDENTIFIER = megswan.Alignments;
				PRODUCT_NAME = Alignments;
				SDKROOT = macosx;
				SWIFT_VERSION = 5.0;
			};
			name = Debug;
		};
		0FEF014C27FCCEE300139ACC /* Release */ = {
			isa = XCBuildConfiguration;
			buildSettings = {
				ASSETCATALOG_COMPILER_APPICON_NAME = AppIcon;
				ASSETCATALOG_COMPILER_GLOBAL_ACCENT_COLOR_NAME = AccentColor;
				CODE_SIGN_ENTITLEMENTS = macOS/macOS.entitlements;
				CODE_SIGN_STYLE = Automatic;
				COMBINE_HIDPI_IMAGES = YES;
				ENABLE_PREVIEWS = YES;
				INFOPLIST_FILE = macOS/Info.plist;
				LD_RUNPATH_SEARCH_PATHS = (
					"$(inherited)",
					"@executable_path/../Frameworks",
				);
				MACOSX_DEPLOYMENT_TARGET = 11.0;
				PRODUCT_BUNDLE_IDENTIFIER = megswan.Alignments;
				PRODUCT_NAME = Alignments;
				SDKROOT = macosx;
				SWIFT_VERSION = 5.0;
			};
			name = Release;
		};
		0FEF014E27FCCEE300139ACC /* Debug */ = {
			isa = XCBuildConfiguration;
			buildSettings = {
				ALWAYS_EMBED_SWIFT_STANDARD_LIBRARIES = YES;
				CODE_SIGN_STYLE = Automatic;
				INFOPLIST_FILE = "Tests iOS/Info.plist";
				IPHONEOS_DEPLOYMENT_TARGET = 14.4;
				LD_RUNPATH_SEARCH_PATHS = (
					"$(inherited)",
					"@executable_path/Frameworks",
					"@loader_path/Frameworks",
				);
				PRODUCT_BUNDLE_IDENTIFIER = "megswan.Tests-iOS";
				PRODUCT_NAME = "$(TARGET_NAME)";
				SDKROOT = iphoneos;
				SWIFT_VERSION = 5.0;
				TARGETED_DEVICE_FAMILY = "1,2";
				TEST_TARGET_NAME = "Alignments (iOS)";
			};
			name = Debug;
		};
		0FEF014F27FCCEE300139ACC /* Release */ = {
			isa = XCBuildConfiguration;
			buildSettings = {
				ALWAYS_EMBED_SWIFT_STANDARD_LIBRARIES = YES;
				CODE_SIGN_STYLE = Automatic;
				INFOPLIST_FILE = "Tests iOS/Info.plist";
				IPHONEOS_DEPLOYMENT_TARGET = 14.4;
				LD_RUNPATH_SEARCH_PATHS = (
					"$(inherited)",
					"@executable_path/Frameworks",
					"@loader_path/Frameworks",
				);
				PRODUCT_BUNDLE_IDENTIFIER = "megswan.Tests-iOS";
				PRODUCT_NAME = "$(TARGET_NAME)";
				SDKROOT = iphoneos;
				SWIFT_VERSION = 5.0;
				TARGETED_DEVICE_FAMILY = "1,2";
				TEST_TARGET_NAME = "Alignments (iOS)";
				VALIDATE_PRODUCT = YES;
			};
			name = Release;
		};
		0FEF015127FCCEE300139ACC /* Debug */ = {
			isa = XCBuildConfiguration;
			buildSettings = {
				ALWAYS_EMBED_SWIFT_STANDARD_LIBRARIES = YES;
				CODE_SIGN_STYLE = Automatic;
				COMBINE_HIDPI_IMAGES = YES;
				INFOPLIST_FILE = "Tests macOS/Info.plist";
				LD_RUNPATH_SEARCH_PATHS = (
					"$(inherited)",
					"@executable_path/../Frameworks",
					"@loader_path/../Frameworks",
				);
				MACOSX_DEPLOYMENT_TARGET = 11.1;
				PRODUCT_BUNDLE_IDENTIFIER = "megswan.Tests-macOS";
				PRODUCT_NAME = "$(TARGET_NAME)";
				SDKROOT = macosx;
				SWIFT_VERSION = 5.0;
				TEST_TARGET_NAME = "Alignments (macOS)";
			};
			name = Debug;
		};
		0FEF015227FCCEE300139ACC /* Release */ = {
			isa = XCBuildConfiguration;
			buildSettings = {
				ALWAYS_EMBED_SWIFT_STANDARD_LIBRARIES = YES;
				CODE_SIGN_STYLE = Automatic;
				COMBINE_HIDPI_IMAGES = YES;
				INFOPLIST_FILE = "Tests macOS/Info.plist";
				LD_RUNPATH_SEARCH_PATHS = (
					"$(inherited)",
					"@executable_path/../Frameworks",
					"@loader_path/../Frameworks",
				);
				MACOSX_DEPLOYMENT_TARGET = 11.1;
				PRODUCT_BUNDLE_IDENTIFIER = "megswan.Tests-macOS";
				PRODUCT_NAME = "$(TARGET_NAME)";
				SDKROOT = macosx;
				SWIFT_VERSION = 5.0;
				TEST_TARGET_NAME = "Alignments (macOS)";
			};
			name = Release;
		};
/* End XCBuildConfiguration section */

/* Begin XCConfigurationList section */
		0FEF011427FCCED500139ACC /* Build configuration list for PBXProject "Alignments" */ = {
			isa = XCConfigurationList;
			buildConfigurations = (
				0FEF014527FCCEE300139ACC /* Debug */,
				0FEF014627FCCEE300139ACC /* Release */,
			);
			defaultConfigurationIsVisible = 0;
			defaultConfigurationName = Release;
		};
		0FEF014727FCCEE300139ACC /* Build configuration list for PBXNativeTarget "Alignments (iOS)" */ = {
			isa = XCConfigurationList;
			buildConfigurations = (
				0FEF014827FCCEE300139ACC /* Debug */,
				0FEF014927FCCEE300139ACC /* Release */,
			);
			defaultConfigurationIsVisible = 0;
			defaultConfigurationName = Release;
		};
		0FEF014A27FCCEE300139ACC /* Build configuration list for PBXNativeTarget "Alignments (macOS)" */ = {
			isa = XCConfigurationList;
			buildConfigurations = (
				0FEF014B27FCCEE300139ACC /* Debug */,
				0FEF014C27FCCEE300139ACC /* Release */,
			);
			defaultConfigurationIsVisible = 0;
			defaultConfigurationName = Release;
		};
		0FEF014D27FCCEE300139ACC /* Build configuration list for PBXNativeTarget "Tests iOS" */ = {
			isa = XCConfigurationList;
			buildConfigurations = (
				0FEF014E27FCCEE300139ACC /* Debug */,
				0FEF014F27FCCEE300139ACC /* Release */,
			);
			defaultConfigurationIsVisible = 0;
			defaultConfigurationName = Release;
		};
		0FEF015027FCCEE300139ACC /* Build configuration list for PBXNativeTarget "Tests macOS" */ = {
			isa = XCConfigurationList;
			buildConfigurations = (
				0FEF015127FCCEE300139ACC /* Debug */,
				0FEF015227FCCEE300139ACC /* Release */,
			);
			defaultConfigurationIsVisible = 0;
			defaultConfigurationName = Release;
		};
/* End XCConfigurationList section */
	};
	rootObject = 0FEF011127FCCED500139ACC /* Project object */;
}
